// !$*UTF8*$!
{
	archiveVersion = 1;
	classes = {
	};
	objectVersion = 56;
	objects = {

/* Begin PBXBuildFile section */
		3F270A4C2B619C4D0065868E /* AppDelegate.swift in Sources */ = {isa = PBXBuildFile; fileRef = 3F270A4B2B619C4D0065868E /* AppDelegate.swift */; };
		3F270A4E2B619C4D0065868E /* SceneDelegate.swift in Sources */ = {isa = PBXBuildFile; fileRef = 3F270A4D2B619C4D0065868E /* SceneDelegate.swift */; };
		3F270A502B619C4D0065868E /* ViewController.swift in Sources */ = {isa = PBXBuildFile; fileRef = 3F270A4F2B619C4D0065868E /* ViewController.swift */; };
		3F270A532B619C4D0065868E /* Main.storyboard in Resources */ = {isa = PBXBuildFile; fileRef = 3F270A512B619C4D0065868E /* Main.storyboard */; };
		3F270A552B619C4F0065868E /* Assets.xcassets in Resources */ = {isa = PBXBuildFile; fileRef = 3F270A542B619C4F0065868E /* Assets.xcassets */; };
		3F270A582B619C4F0065868E /* LaunchScreen.storyboard in Resources */ = {isa = PBXBuildFile; fileRef = 3F270A562B619C4F0065868E /* LaunchScreen.storyboard */; };
		3F270A632B619C500065868E /* JyotsnaAHelloWorldTests.swift in Sources */ = {isa = PBXBuildFile; fileRef = 3F270A622B619C500065868E /* JyotsnaAHelloWorldTests.swift */; };
		3F270A6D2B619C500065868E /* JyotsnaAHelloWorldUITests.swift in Sources */ = {isa = PBXBuildFile; fileRef = 3F270A6C2B619C500065868E /* JyotsnaAHelloWorldUITests.swift */; };
		3F270A6F2B619C500065868E /* JyotsnaAHelloWorldUITestsLaunchTests.swift in Sources */ = {isa = PBXBuildFile; fileRef = 3F270A6E2B619C500065868E /* JyotsnaAHelloWorldUITestsLaunchTests.swift */; };
/* End PBXBuildFile section */

/* Begin PBXContainerItemProxy section */
		3F270A5F2B619C500065868E /* PBXContainerItemProxy */ = {
			isa = PBXContainerItemProxy;
			containerPortal = 3F270A402B619C4D0065868E /* Project object */;
			proxyType = 1;
			remoteGlobalIDString = 3F270A472B619C4D0065868E;
			remoteInfo = JyotsnaAHelloWorld;
		};
		3F270A692B619C500065868E /* PBXContainerItemProxy */ = {
			isa = PBXContainerItemProxy;
			containerPortal = 3F270A402B619C4D0065868E /* Project object */;
			proxyType = 1;
			remoteGlobalIDString = 3F270A472B619C4D0065868E;
			remoteInfo = JyotsnaAHelloWorld;
		};
/* End PBXContainerItemProxy section */

/* Begin PBXFileReference section */
		3F270A482B619C4D0065868E /* JyotsnaAHelloWorld.app */ = {isa = PBXFileReference; explicitFileType = wrapper.application; includeInIndex = 0; path = JyotsnaAHelloWorld.app; sourceTree = BUILT_PRODUCTS_DIR; };
		3F270A4B2B619C4D0065868E /* AppDelegate.swift */ = {isa = PBXFileReference; lastKnownFileType = sourcecode.swift; path = AppDelegate.swift; sourceTree = "<group>"; };
		3F270A4D2B619C4D0065868E /* SceneDelegate.swift */ = {isa = PBXFileReference; lastKnownFileType = sourcecode.swift; path = SceneDelegate.swift; sourceTree = "<group>"; };
		3F270A4F2B619C4D0065868E /* ViewController.swift */ = {isa = PBXFileReference; lastKnownFileType = sourcecode.swift; path = ViewController.swift; sourceTree = "<group>"; };
		3F270A522B619C4D0065868E /* Base */ = {isa = PBXFileReference; lastKnownFileType = file.storyboard; name = Base; path = Base.lproj/Main.storyboard; sourceTree = "<group>"; };
		3F270A542B619C4F0065868E /* Assets.xcassets */ = {isa = PBXFileReference; lastKnownFileType = folder.assetcatalog; path = Assets.xcassets; sourceTree = "<group>"; };
		3F270A572B619C4F0065868E /* Base */ = {isa = PBXFileReference; lastKnownFileType = file.storyboard; name = Base; path = Base.lproj/LaunchScreen.storyboard; sourceTree = "<group>"; };
		3F270A592B619C4F0065868E /* Info.plist */ = {isa = PBXFileReference; lastKnownFileType = text.plist.xml; path = Info.plist; sourceTree = "<group>"; };
		3F270A5E2B619C500065868E /* JyotsnaAHelloWorldTests.xctest */ = {isa = PBXFileReference; explicitFileType = wrapper.cfbundle; includeInIndex = 0; path = JyotsnaAHelloWorldTests.xctest; sourceTree = BUILT_PRODUCTS_DIR; };
		3F270A622B619C500065868E /* JyotsnaAHelloWorldTests.swift */ = {isa = PBXFileReference; lastKnownFileType = sourcecode.swift; path = JyotsnaAHelloWorldTests.swift; sourceTree = "<group>"; };
		3F270A682B619C500065868E /* JyotsnaAHelloWorldUITests.xctest */ = {isa = PBXFileReference; explicitFileType = wrapper.cfbundle; includeInIndex = 0; path = JyotsnaAHelloWorldUITests.xctest; sourceTree = BUILT_PRODUCTS_DIR; };
		3F270A6C2B619C500065868E /* JyotsnaAHelloWorldUITests.swift */ = {isa = PBXFileReference; lastKnownFileType = sourcecode.swift; path = JyotsnaAHelloWorldUITests.swift; sourceTree = "<group>"; };
		3F270A6E2B619C500065868E /* JyotsnaAHelloWorldUITestsLaunchTests.swift */ = {isa = PBXFileReference; lastKnownFileType = sourcecode.swift; path = JyotsnaAHelloWorldUITestsLaunchTests.swift; sourceTree = "<group>"; };
/* End PBXFileReference section */

/* Begin PBXFrameworksBuildPhase section */
		3F270A452B619C4D0065868E /* Frameworks */ = {
			isa = PBXFrameworksBuildPhase;
			buildActionMask = 2147483647;
			files = (
			);
			runOnlyForDeploymentPostprocessing = 0;
		};
		3F270A5B2B619C500065868E /* Frameworks */ = {
			isa = PBXFrameworksBuildPhase;
			buildActionMask = 2147483647;
			files = (
			);
			runOnlyForDeploymentPostprocessing = 0;
		};
		3F270A652B619C500065868E /* Frameworks */ = {
			isa = PBXFrameworksBuildPhase;
			buildActionMask = 2147483647;
			files = (
			);
			runOnlyForDeploymentPostprocessing = 0;
		};
/* End PBXFrameworksBuildPhase section */

/* Begin PBXGroup section */
		3F270A3F2B619C4D0065868E = {
			isa = PBXGroup;
			children = (
				3F270A4A2B619C4D0065868E /* JyotsnaAHelloWorld */,
				3F270A612B619C500065868E /* JyotsnaAHelloWorldTests */,
				3F270A6B2B619C500065868E /* JyotsnaAHelloWorldUITests */,
				3F270A492B619C4D0065868E /* Products */,
			);
			sourceTree = "<group>";
		};
		3F270A492B619C4D0065868E /* Products */ = {
			isa = PBXGroup;
			children = (
				3F270A482B619C4D0065868E /* JyotsnaAHelloWorld.app */,
				3F270A5E2B619C500065868E /* JyotsnaAHelloWorldTests.xctest */,
				3F270A682B619C500065868E /* JyotsnaAHelloWorldUITests.xctest */,
			);
			name = Products;
			sourceTree = "<group>";
		};
		3F270A4A2B619C4D0065868E /* JyotsnaAHelloWorld */ = {
			isa = PBXGroup;
			children = (
				3F270A4B2B619C4D0065868E /* AppDelegate.swift */,
				3F270A4D2B619C4D0065868E /* SceneDelegate.swift */,
				3F270A4F2B619C4D0065868E /* ViewController.swift */,
				3F270A512B619C4D0065868E /* Main.storyboard */,
				3F270A542B619C4F0065868E /* Assets.xcassets */,
				3F270A562B619C4F0065868E /* LaunchScreen.storyboard */,
				3F270A592B619C4F0065868E /* Info.plist */,
			);
			path = JyotsnaAHelloWorld;
			sourceTree = "<group>";
		};
		3F270A612B619C500065868E /* JyotsnaAHelloWorldTests */ = {
			isa = PBXGroup;
			children = (
				3F270A622B619C500065868E /* JyotsnaAHelloWorldTests.swift */,
			);
			path = JyotsnaAHelloWorldTests;
			sourceTree = "<group>";
		};
		3F270A6B2B619C500065868E /* JyotsnaAHelloWorldUITests */ = {
			isa = PBXGroup;
			children = (
				3F270A6C2B619C500065868E /* JyotsnaAHelloWorldUITests.swift */,
				3F270A6E2B619C500065868E /* JyotsnaAHelloWorldUITestsLaunchTests.swift */,
			);
			path = JyotsnaAHelloWorldUITests;
			sourceTree = "<group>";
		};
/* End PBXGroup section */

/* Begin PBXNativeTarget section */
		3F270A472B619C4D0065868E /* JyotsnaAHelloWorld */ = {
			isa = PBXNativeTarget;
			buildConfigurationList = 3F270A722B619C500065868E /* Build configuration list for PBXNativeTarget "JyotsnaAHelloWorld" */;
			buildPhases = (
				3F270A442B619C4D0065868E /* Sources */,
				3F270A452B619C4D0065868E /* Frameworks */,
				3F270A462B619C4D0065868E /* Resources */,
			);
			buildRules = (
			);
			dependencies = (
			);
			name = JyotsnaAHelloWorld;
			productName = JyotsnaAHelloWorld;
			productReference = 3F270A482B619C4D0065868E /* JyotsnaAHelloWorld.app */;
			productType = "com.apple.product-type.application";
		};
		3F270A5D2B619C500065868E /* JyotsnaAHelloWorldTests */ = {
			isa = PBXNativeTarget;
			buildConfigurationList = 3F270A752B619C500065868E /* Build configuration list for PBXNativeTarget "JyotsnaAHelloWorldTests" */;
			buildPhases = (
				3F270A5A2B619C500065868E /* Sources */,
				3F270A5B2B619C500065868E /* Frameworks */,
				3F270A5C2B619C500065868E /* Resources */,
			);
			buildRules = (
			);
			dependencies = (
				3F270A602B619C500065868E /* PBXTargetDependency */,
			);
			name = JyotsnaAHelloWorldTests;
			productName = JyotsnaAHelloWorldTests;
			productReference = 3F270A5E2B619C500065868E /* JyotsnaAHelloWorldTests.xctest */;
			productType = "com.apple.product-type.bundle.unit-test";
		};
		3F270A672B619C500065868E /* JyotsnaAHelloWorldUITests */ = {
			isa = PBXNativeTarget;
			buildConfigurationList = 3F270A782B619C500065868E /* Build configuration list for PBXNativeTarget "JyotsnaAHelloWorldUITests" */;
			buildPhases = (
				3F270A642B619C500065868E /* Sources */,
				3F270A652B619C500065868E /* Frameworks */,
				3F270A662B619C500065868E /* Resources */,
			);
			buildRules = (
			);
			dependencies = (
				3F270A6A2B619C500065868E /* PBXTargetDependency */,
			);
			name = JyotsnaAHelloWorldUITests;
			productName = JyotsnaAHelloWorldUITests;
			productReference = 3F270A682B619C500065868E /* JyotsnaAHelloWorldUITests.xctest */;
			productType = "com.apple.product-type.bundle.ui-testing";
		};
/* End PBXNativeTarget section */

/* Begin PBXProject section */
		3F270A402B619C4D0065868E /* Project object */ = {
			isa = PBXProject;
			attributes = {
				BuildIndependentTargetsInParallel = 1;
				LastSwiftUpdateCheck = 1420;
				LastUpgradeCheck = 1420;
				TargetAttributes = {
					3F270A472B619C4D0065868E = {
						CreatedOnToolsVersion = 14.2;
					};
					3F270A5D2B619C500065868E = {
						CreatedOnToolsVersion = 14.2;
						TestTargetID = 3F270A472B619C4D0065868E;
					};
					3F270A672B619C500065868E = {
						CreatedOnToolsVersion = 14.2;
						TestTargetID = 3F270A472B619C4D0065868E;
					};
				};
			};
			buildConfigurationList = 3F270A432B619C4D0065868E /* Build configuration list for PBXProject "JyotsnaAHelloWorld" */;
			compatibilityVersion = "Xcode 14.0";
			developmentRegion = en;
			hasScannedForEncodings = 0;
			knownRegions = (
				en,
				Base,
			);
			mainGroup = 3F270A3F2B619C4D0065868E;
			productRefGroup = 3F270A492B619C4D0065868E /* Products */;
			projectDirPath = "";
			projectRoot = "";
			targets = (
				3F270A472B619C4D0065868E /* JyotsnaAHelloWorld */,
				3F270A5D2B619C500065868E /* JyotsnaAHelloWorldTests */,
				3F270A672B619C500065868E /* JyotsnaAHelloWorldUITests */,
			);
		};
/* End PBXProject section */

/* Begin PBXResourcesBuildPhase section */
		3F270A462B619C4D0065868E /* Resources */ = {
			isa = PBXResourcesBuildPhase;
			buildActionMask = 2147483647;
			files = (
				3F270A582B619C4F0065868E /* LaunchScreen.storyboard in Resources */,
				3F270A552B619C4F0065868E /* Assets.xcassets in Resources */,
				3F270A532B619C4D0065868E /* Main.storyboard in Resources */,
			);
			runOnlyForDeploymentPostprocessing = 0;
		};
		3F270A5C2B619C500065868E /* Resources */ = {
			isa = PBXResourcesBuildPhase;
			buildActionMask = 2147483647;
			files = (
			);
			runOnlyForDeploymentPostprocessing = 0;
		};
		3F270A662B619C500065868E /* Resources */ = {
			isa = PBXResourcesBuildPhase;
			buildActionMask = 2147483647;
			files = (
			);
			runOnlyForDeploymentPostprocessing = 0;
		};
/* End PBXResourcesBuildPhase section */

/* Begin PBXSourcesBuildPhase section */
		3F270A442B619C4D0065868E /* Sources */ = {
			isa = PBXSourcesBuildPhase;
			buildActionMask = 2147483647;
			files = (
				3F270A502B619C4D0065868E /* ViewController.swift in Sources */,
				3F270A4C2B619C4D0065868E /* AppDelegate.swift in Sources */,
				3F270A4E2B619C4D0065868E /* SceneDelegate.swift in Sources */,
			);
			runOnlyForDeploymentPostprocessing = 0;
		};
		3F270A5A2B619C500065868E /* Sources */ = {
			isa = PBXSourcesBuildPhase;
			buildActionMask = 2147483647;
			files = (
				3F270A632B619C500065868E /* JyotsnaAHelloWorldTests.swift in Sources */,
			);
			runOnlyForDeploymentPostprocessing = 0;
		};
		3F270A642B619C500065868E /* Sources */ = {
			isa = PBXSourcesBuildPhase;
			buildActionMask = 2147483647;
			files = (
				3F270A6D2B619C500065868E /* JyotsnaAHelloWorldUITests.swift in Sources */,
				3F270A6F2B619C500065868E /* JyotsnaAHelloWorldUITestsLaunchTests.swift in Sources */,
			);
			runOnlyForDeploymentPostprocessing = 0;
		};
/* End PBXSourcesBuildPhase section */

/* Begin PBXTargetDependency section */
		3F270A602B619C500065868E /* PBXTargetDependency */ = {
			isa = PBXTargetDependency;
			target = 3F270A472B619C4D0065868E /* JyotsnaAHelloWorld */;
			targetProxy = 3F270A5F2B619C500065868E /* PBXContainerItemProxy */;
		};
		3F270A6A2B619C500065868E /* PBXTargetDependency */ = {
			isa = PBXTargetDependency;
			target = 3F270A472B619C4D0065868E /* JyotsnaAHelloWorld */;
			targetProxy = 3F270A692B619C500065868E /* PBXContainerItemProxy */;
		};
/* End PBXTargetDependency section */

/* Begin PBXVariantGroup section */
		3F270A512B619C4D0065868E /* Main.storyboard */ = {
			isa = PBXVariantGroup;
			children = (
				3F270A522B619C4D0065868E /* Base */,
			);
			name = Main.storyboard;
			sourceTree = "<group>";
		};
		3F270A562B619C4F0065868E /* LaunchScreen.storyboard */ = {
			isa = PBXVariantGroup;
			children = (
				3F270A572B619C4F0065868E /* Base */,
			);
			name = LaunchScreen.storyboard;
			sourceTree = "<group>";
		};
/* End PBXVariantGroup section */

/* Begin XCBuildConfiguration section */
		3F270A702B619C500065868E /* Debug */ = {
			isa = XCBuildConfiguration;
			buildSettings = {
				ALWAYS_SEARCH_USER_PATHS = NO;
				CLANG_ANALYZER_NONNULL = YES;
				CLANG_ANALYZER_NUMBER_OBJECT_CONVERSION = YES_AGGRESSIVE;
				CLANG_CXX_LANGUAGE_STANDARD = "gnu++20";
				CLANG_ENABLE_MODULES = YES;
				CLANG_ENABLE_OBJC_ARC = YES;
				CLANG_ENABLE_OBJC_WEAK = YES;
				CLANG_WARN_BLOCK_CAPTURE_AUTORELEASING = YES;
				CLANG_WARN_BOOL_CONVERSION = YES;
				CLANG_WARN_COMMA = YES;
				CLANG_WARN_CONSTANT_CONVERSION = YES;
				CLANG_WARN_DEPRECATED_OBJC_IMPLEMENTATIONS = YES;
				CLANG_WARN_DIRECT_OBJC_ISA_USAGE = YES_ERROR;
				CLANG_WARN_DOCUMENTATION_COMMENTS = YES;
				CLANG_WARN_EMPTY_BODY = YES;
				CLANG_WARN_ENUM_CONVERSION = YES;
				CLANG_WARN_INFINITE_RECURSION = YES;
				CLANG_WARN_INT_CONVERSION = YES;
				CLANG_WARN_NON_LITERAL_NULL_CONVERSION = YES;
				CLANG_WARN_OBJC_IMPLICIT_RETAIN_SELF = YES;
				CLANG_WARN_OBJC_LITERAL_CONVERSION = YES;
				CLANG_WARN_OBJC_ROOT_CLASS = YES_ERROR;
				CLANG_WARN_QUOTED_INCLUDE_IN_FRAMEWORK_HEADER = YES;
				CLANG_WARN_RANGE_LOOP_ANALYSIS = YES;
				CLANG_WARN_STRICT_PROTOTYPES = YES;
				CLANG_WARN_SUSPICIOUS_MOVE = YES;
				CLANG_WARN_UNGUARDED_AVAILABILITY = YES_AGGRESSIVE;
				CLANG_WARN_UNREACHABLE_CODE = YES;
				CLANG_WARN__DUPLICATE_METHOD_MATCH = YES;
				COPY_PHASE_STRIP = NO;
				DEBUG_INFORMATION_FORMAT = dwarf;
				ENABLE_STRICT_OBJC_MSGSEND = YES;
				ENABLE_TESTABILITY = YES;
				GCC_C_LANGUAGE_STANDARD = gnu11;
				GCC_DYNAMIC_NO_PIC = NO;
				GCC_NO_COMMON_BLOCKS = YES;
				GCC_OPTIMIZATION_LEVEL = 0;
				GCC_PREPROCESSOR_DEFINITIONS = (
					"DEBUG=1",
					"$(inherited)",
				);
				GCC_WARN_64_TO_32_BIT_CONVERSION = YES;
				GCC_WARN_ABOUT_RETURN_TYPE = YES_ERROR;
				GCC_WARN_UNDECLARED_SELECTOR = YES;
				GCC_WARN_UNINITIALIZED_AUTOS = YES_AGGRESSIVE;
				GCC_WARN_UNUSED_FUNCTION = YES;
				GCC_WARN_UNUSED_VARIABLE = YES;
				IPHONEOS_DEPLOYMENT_TARGET = 16.2;
				MTL_ENABLE_DEBUG_INFO = INCLUDE_SOURCE;
				MTL_FAST_MATH = YES;
				ONLY_ACTIVE_ARCH = YES;
				SDKROOT = iphoneos;
				SWIFT_ACTIVE_COMPILATION_CONDITIONS = DEBUG;
				SWIFT_OPTIMIZATION_LEVEL = "-Onone";
			};
			name = Debug;
		};
		3F270A712B619C500065868E /* Release */ = {
			isa = XCBuildConfiguration;
			buildSettings = {
				ALWAYS_SEARCH_USER_PATHS = NO;
				CLANG_ANALYZER_NONNULL = YES;
				CLANG_ANALYZER_NUMBER_OBJECT_CONVERSION = YES_AGGRESSIVE;
				CLANG_CXX_LANGUAGE_STANDARD = "gnu++20";
				CLANG_ENABLE_MODULES = YES;
				CLANG_ENABLE_OBJC_ARC = YES;
				CLANG_ENABLE_OBJC_WEAK = YES;
				CLANG_WARN_BLOCK_CAPTURE_AUTORELEASING = YES;
				CLANG_WARN_BOOL_CONVERSION = YES;
				CLANG_WARN_COMMA = YES;
				CLANG_WARN_CONSTANT_CONVERSION = YES;
				CLANG_WARN_DEPRECATED_OBJC_IMPLEMENTATIONS = YES;
				CLANG_WARN_DIRECT_OBJC_ISA_USAGE = YES_ERROR;
				CLANG_WARN_DOCUMENTATION_COMMENTS = YES;
				CLANG_WARN_EMPTY_BODY = YES;
				CLANG_WARN_ENUM_CONVERSION = YES;
				CLANG_WARN_INFINITE_RECURSION = YES;
				CLANG_WARN_INT_CONVERSION = YES;
				CLANG_WARN_NON_LITERAL_NULL_CONVERSION = YES;
				CLANG_WARN_OBJC_IMPLICIT_RETAIN_SELF = YES;
				CLANG_WARN_OBJC_LITERAL_CONVERSION = YES;
				CLANG_WARN_OBJC_ROOT_CLASS = YES_ERROR;
				CLANG_WARN_QUOTED_INCLUDE_IN_FRAMEWORK_HEADER = YES;
				CLANG_WARN_RANGE_LOOP_ANALYSIS = YES;
				CLANG_WARN_STRICT_PROTOTYPES = YES;
				CLANG_WARN_SUSPICIOUS_MOVE = YES;
				CLANG_WARN_UNGUARDED_AVAILABILITY = YES_AGGRESSIVE;
				CLANG_WARN_UNREACHABLE_CODE = YES;
				CLANG_WARN__DUPLICATE_METHOD_MATCH = YES;
				COPY_PHASE_STRIP = NO;
				DEBUG_INFORMATION_FORMAT = "dwarf-with-dsym";
				ENABLE_NS_ASSERTIONS = NO;
				ENABLE_STRICT_OBJC_MSGSEND = YES;
				GCC_C_LANGUAGE_STANDARD = gnu11;
				GCC_NO_COMMON_BLOCKS = YES;
				GCC_WARN_64_TO_32_BIT_CONVERSION = YES;
				GCC_WARN_ABOUT_RETURN_TYPE = YES_ERROR;
				GCC_WARN_UNDECLARED_SELECTOR = YES;
				GCC_WARN_UNINITIALIZED_AUTOS = YES_AGGRESSIVE;
				GCC_WARN_UNUSED_FUNCTION = YES;
				GCC_WARN_UNUSED_VARIABLE = YES;
				IPHONEOS_DEPLOYMENT_TARGET = 16.2;
				MTL_ENABLE_DEBUG_INFO = NO;
				MTL_FAST_MATH = YES;
				SDKROOT = iphoneos;
				SWIFT_COMPILATION_MODE = wholemodule;
				SWIFT_OPTIMIZATION_LEVEL = "-O";
				VALIDATE_PRODUCT = YES;
			};
			name = Release;
		};
		3F270A732B619C500065868E /* Debug */ = {
			isa = XCBuildConfiguration;
			buildSettings = {
				ASSETCATALOG_COMPILER_APPICON_NAME = AppIcon;
				ASSETCATALOG_COMPILER_GLOBAL_ACCENT_COLOR_NAME = AccentColor;
				CODE_SIGN_STYLE = Automatic;
				CURRENT_PROJECT_VERSION = 1;
				DEVELOPMENT_TEAM = 3Q4BXN3F7B;
				GENERATE_INFOPLIST_FILE = YES;
				INFOPLIST_FILE = JyotsnaAHelloWorld/Info.plist;
				INFOPLIST_KEY_UIApplicationSupportsIndirectInputEvents = YES;
				INFOPLIST_KEY_UILaunchStoryboardName = LaunchScreen;
				INFOPLIST_KEY_UIMainStoryboardFile = Main;
				INFOPLIST_KEY_UISupportedInterfaceOrientations_iPad = "UIInterfaceOrientationPortrait UIInterfaceOrientationPortraitUpsideDown UIInterfaceOrientationLandscapeLeft UIInterfaceOrientationLandscapeRight";
				INFOPLIST_KEY_UISupportedInterfaceOrientations_iPhone = "UIInterfaceOrientationPortrait UIInterfaceOrientationLandscapeLeft UIInterfaceOrientationLandscapeRight";
				LD_RUNPATH_SEARCH_PATHS = (
					"$(inherited)",
					"@executable_path/Frameworks",
				);
				MARKETING_VERSION = 1.0;
				PRODUCT_BUNDLE_IDENTIFIER = com.jyotsna.JyotsnaAHelloWorld;
				PRODUCT_NAME = "$(TARGET_NAME)";
				SWIFT_EMIT_LOC_STRINGS = YES;
				SWIFT_VERSION = 5.0;
				TARGETED_DEVICE_FAMILY = "1,2";
			};
			name = Debug;
		};
		3F270A742B619C500065868E /* Release */ = {
			isa = XCBuildConfiguration;
			buildSettings = {
				ASSETCATALOG_COMPILER_APPICON_NAME = AppIcon;
				ASSETCATALOG_COMPILER_GLOBAL_ACCENT_COLOR_NAME = AccentColor;
				CODE_SIGN_STYLE = Automatic;
				CURRENT_PROJECT_VERSION = 1;
				DEVELOPMENT_TEAM = 3Q4BXN3F7B;
				GENERATE_INFOPLIST_FILE = YES;
				INFOPLIST_FILE = JyotsnaAHelloWorld/Info.plist;
				INFOPLIST_KEY_UIApplicationSupportsIndirectInputEvents = YES;
				INFOPLIST_KEY_UILaunchStoryboardName = LaunchScreen;
				INFOPLIST_KEY_UIMainStoryboardFile = Main;
				INFOPLIST_KEY_UISupportedInterfaceOrientations_iPad = "UIInterfaceOrientationPortrait UIInterfaceOrientationPortraitUpsideDown UIInterfaceOrientationLandscapeLeft UIInterfaceOrientationLandscapeRight";
				INFOPLIST_KEY_UISupportedInterfaceOrientations_iPhone = "UIInterfaceOrientationPortrait UIInterfaceOrientationLandscapeLeft UIInterfaceOrientationLandscapeRight";
				LD_RUNPATH_SEARCH_PATHS = (
					"$(inherited)",
					"@executable_path/Frameworks",
				);
				MARKETING_VERSION = 1.0;
				PRODUCT_BUNDLE_IDENTIFIER = com.jyotsna.JyotsnaAHelloWorld;
				PRODUCT_NAME = "$(TARGET_NAME)";
				SWIFT_EMIT_LOC_STRINGS = YES;
				SWIFT_VERSION = 5.0;
				TARGETED_DEVICE_FAMILY = "1,2";
			};
			name = Release;
		};
		3F270A762B619C500065868E /* Debug */ = {
			isa = XCBuildConfiguration;
			buildSettings = {
				ALWAYS_EMBED_SWIFT_STANDARD_LIBRARIES = YES;
				BUNDLE_LOADER = "$(TEST_HOST)";
				CODE_SIGN_STYLE = Automatic;
				CURRENT_PROJECT_VERSION = 1;
				DEVELOPMENT_TEAM = 3Q4BXN3F7B;
				GENERATE_INFOPLIST_FILE = YES;
				IPHONEOS_DEPLOYMENT_TARGET = 16.2;
				MARKETING_VERSION = 1.0;
				PRODUCT_BUNDLE_IDENTIFIER = com.jyotsna.JyotsnaAHelloWorldTests;
				PRODUCT_NAME = "$(TARGET_NAME)";
				SWIFT_EMIT_LOC_STRINGS = NO;
				SWIFT_VERSION = 5.0;
				TARGETED_DEVICE_FAMILY = "1,2";
				TEST_HOST = "$(BUILT_PRODUCTS_DIR)/JyotsnaAHelloWorld.app/$(BUNDLE_EXECUTABLE_FOLDER_PATH)/JyotsnaAHelloWorld";
			};
			name = Debug;
		};
		3F270A772B619C500065868E /* Release */ = {
			isa = XCBuildConfiguration;
			buildSettings = {
				ALWAYS_EMBED_SWIFT_STANDARD_LIBRARIES = YES;
				BUNDLE_LOADER = "$(TEST_HOST)";
				CODE_SIGN_STYLE = Automatic;
				CURRENT_PROJECT_VERSION = 1;
				DEVELOPMENT_TEAM = 3Q4BXN3F7B;
				GENERATE_INFOPLIST_FILE = YES;
				IPHONEOS_DEPLOYMENT_TARGET = 16.2;
				MARKETING_VERSION = 1.0;
				PRODUCT_BUNDLE_IDENTIFIER = com.jyotsna.JyotsnaAHelloWorldTests;
				PRODUCT_NAME = "$(TARGET_NAME)";
				SWIFT_EMIT_LOC_STRINGS = NO;
				SWIFT_VERSION = 5.0;
				TARGETED_DEVICE_FAMILY = "1,2";
				TEST_HOST = "$(BUILT_PRODUCTS_DIR)/JyotsnaAHelloWorld.app/$(BUNDLE_EXECUTABLE_FOLDER_PATH)/JyotsnaAHelloWorld";
			};
			name = Release;
		};
		3F270A792B619C500065868E /* Debug */ = {
			isa = XCBuildConfiguration;
			buildSettings = {
				ALWAYS_EMBED_SWIFT_STANDARD_LIBRARIES = YES;
				CODE_SIGN_STYLE = Automatic;
				CURRENT_PROJECT_VERSION = 1;
				DEVELOPMENT_TEAM = 3Q4BXN3F7B;
				GENERATE_INFOPLIST_FILE = YES;
				MARKETING_VERSION = 1.0;
				PRODUCT_BUNDLE_IDENTIFIER = com.jyotsna.JyotsnaAHelloWorldUITests;
				PRODUCT_NAME = "$(TARGET_NAME)";
				SWIFT_EMIT_LOC_STRINGS = NO;
				SWIFT_VERSION = 5.0;
				TARGETED_DEVICE_FAMILY = "1,2";
				TEST_TARGET_NAME = JyotsnaAHelloWorld;
			};
			name = Debug;
		};
		3F270A7A2B619C500065868E /* Release */ = {
			isa = XCBuildConfiguration;
			buildSettings = {
				ALWAYS_EMBED_SWIFT_STANDARD_LIBRARIES = YES;
				CODE_SIGN_STYLE = Automatic;
				CURRENT_PROJECT_VERSION = 1;
				DEVELOPMENT_TEAM = 3Q4BXN3F7B;
				GENERATE_INFOPLIST_FILE = YES;
				MARKETING_VERSION = 1.0;
				PRODUCT_BUNDLE_IDENTIFIER = com.jyotsna.JyotsnaAHelloWorldUITests;
				PRODUCT_NAME = "$(TARGET_NAME)";
				SWIFT_EMIT_LOC_STRINGS = NO;
				SWIFT_VERSION = 5.0;
				TARGETED_DEVICE_FAMILY = "1,2";
				TEST_TARGET_NAME = JyotsnaAHelloWorld;
			};
			name = Release;
		};
/* End XCBuildConfiguration section */

/* Begin XCConfigurationList section */
		3F270A432B619C4D0065868E /* Build configuration list for PBXProject "JyotsnaAHelloWorld" */ = {
			isa = XCConfigurationList;
			buildConfigurations = (
				3F270A702B619C500065868E /* Debug */,
				3F270A712B619C500065868E /* Release */,
			);
			defaultConfigurationIsVisible = 0;
			defaultConfigurationName = Release;
		};
		3F270A722B619C500065868E /* Build configuration list for PBXNativeTarget "JyotsnaAHelloWorld" */ = {
			isa = XCConfigurationList;
			buildConfigurations = (
				3F270A732B619C500065868E /* Debug */,
				3F270A742B619C500065868E /* Release */,
			);
			defaultConfigurationIsVisible = 0;
			defaultConfigurationName = Release;
		};
		3F270A752B619C500065868E /* Build configuration list for PBXNativeTarget "JyotsnaAHelloWorldTests" */ = {
			isa = XCConfigurationList;
			buildConfigurations = (
				3F270A762B619C500065868E /* Debug */,
				3F270A772B619C500065868E /* Release */,
			);
			defaultConfigurationIsVisible = 0;
			defaultConfigurationName = Release;
		};
		3F270A782B619C500065868E /* Build configuration list for PBXNativeTarget "JyotsnaAHelloWorldUITests" */ = {
			isa = XCConfigurationList;
			buildConfigurations = (
				3F270A792B619C500065868E /* Debug */,
				3F270A7A2B619C500065868E /* Release */,
			);
			defaultConfigurationIsVisible = 0;
			defaultConfigurationName = Release;
		};
/* End XCConfigurationList section */
	};
	rootObject = 3F270A402B619C4D0065868E /* Project object */;
}
